
Microsoft Visual Studio Solution File, Format Version 12.00
# Visual Studio Version 16
VisualStudioVersion = 16.0.31424.327
MinimumVisualStudioVersion = 10.0.40219.1
Project("{FAE04EC0-301F-11D3-BF4B-00C04F79EFBC}") = "OpenSC", "OpenSC\OpenSC.csproj", "{E871723E-7268-47CE-AE58-75A18AC93F63}"
EndProject
Project("{FAE04EC0-301F-11D3-BF4B-00C04F79EFBC}") = "BMD.Videohub", "BMD.Videohub\BMD.Videohub.csproj", "{EADC56A4-B18D-4742-9855-C5142E90AA19}"
EndProject
Project("{FAE04EC0-301F-11D3-BF4B-00C04F79EFBC}") = "BMD.Switcher", "BMD.Switcher\BMD.Switcher.csproj", "{A9CEE499-CF5C-419A-8CF0-66F20596B820}"
EndProject
Project("{FAE04EC0-301F-11D3-BF4B-00C04F79EFBC}") = "ThreadHelpers", "ThreadHelpers\ThreadHelpers.csproj", "{398DE4A8-DFBF-4130-83AC-EF37DA249587}"
EndProject
Project("{FAE04EC0-301F-11D3-BF4B-00C04F79EFBC}") = "opensc-core-model", "opensc-core-model\opensc-core-model.csproj", "{16A6BEEC-548D-4A77-9FE6-8DF8D5333219}"
EndProject
Project("{FAE04EC0-301F-11D3-BF4B-00C04F79EFBC}") = "opensc-core-gui", "opensc-core-gui\opensc-core-gui.csproj", "{E30563FD-DE1F-4AB5-86DD-72165B84EB85}"
EndProject
Project("{FAE04EC0-301F-11D3-BF4B-00C04F79EFBC}") = "opensc-routers-model", "opensc-routers-model\opensc-routers-model.csproj", "{B579FF80-0001-44B8-9363-4EBEB4EF6117}"
EndProject
Project("{FAE04EC0-301F-11D3-BF4B-00C04F79EFBC}") = "opensc-signals-model", "opensc-signals-model\opensc-signals-model.csproj", "{FDCF0DA0-9336-4A72-BD61-1AAF396940AF}"
EndProject
Project("{FAE04EC0-301F-11D3-BF4B-00C04F79EFBC}") = "opensc-dynamictexts-model", "opensc-dynamictexts-model\opensc-dynamictexts-model.csproj", "{7CFDF83F-4856-4E36-A489-2058415DDE2F}"
EndProject
Project("{FAE04EC0-301F-11D3-BF4B-00C04F79EFBC}") = "opensc-booleans-model", "opensc-booleans-model\opensc-booleans-model.csproj", "{469F1D25-F30D-40F3-B2F9-1005DD37B684}"
EndProject
Project("{FAE04EC0-301F-11D3-BF4B-00C04F79EFBC}") = "opensc-timers-model", "opensc-timers-model\opensc-timers-model.csproj", "{543A1330-CCB4-4E18-903A-C58D3C007816}"
EndProject
Project("{FAE04EC0-301F-11D3-BF4B-00C04F79EFBC}") = "opensc-timers-bridge-dynamictexts", "opensc-timers-bridge-dynamictexts\opensc-timers-bridge-dynamictexts.csproj", "{0A97CA9B-290A-4BCC-9DF8-103C02B1AF29}"
EndProject
Project("{FAE04EC0-301F-11D3-BF4B-00C04F79EFBC}") = "opensc-timers-bridge-macros", "opensc-timers-bridge-macros\opensc-timers-bridge-macros.csproj", "{32516067-0D7C-432D-BEF6-079D6230C549}"
EndProject
Project("{FAE04EC0-301F-11D3-BF4B-00C04F79EFBC}") = "opensc-streams-model", "opensc-streams-model\opensc-streams-model.csproj", "{76853B46-32A4-415D-92E2-57FEB4600E87}"
EndProject
Project("{FAE04EC0-301F-11D3-BF4B-00C04F79EFBC}") = "opensc-streams-bridge-dynamictexts", "opensc-streams-bridge-dynamictexts\opensc-streams-bridge-dynamictexts.csproj", "{C3968358-F075-4CFE-9885-21FB23A83D8B}"
EndProject
Project("{FAE04EC0-301F-11D3-BF4B-00C04F79EFBC}") = "opensc-serialports-model", "opensc-serialports-model\opensc-serialports-model.csproj", "{3C15C5F6-E564-4B1B-AB76-C6295FC518C0}"
EndProject
Project("{FAE04EC0-301F-11D3-BF4B-00C04F79EFBC}") = "opensc-macros-model", "opensc-macros-model\opensc-macros-model.csproj", "{66652CE7-C94D-4C8F-8B21-203665CB2762}"
EndProject
Project("{FAE04EC0-301F-11D3-BF4B-00C04F79EFBC}") = "opensc-vtrs-model", "opensc-vtrs-model\opensc-vtrs-model.csproj", "{9723E8AA-94AF-473F-B495-B88013DF5157}"
EndProject
Project("{FAE04EC0-301F-11D3-BF4B-00C04F79EFBC}") = "opensc-vtrs-subtype-casparcg-model", "opensc-vtrs-subtype-casparcg-model\opensc-vtrs-subtype-casparcg-model.csproj", "{949544BC-4682-42ED-9152-6DFD85E9F46E}"
EndProject
Project("{FAE04EC0-301F-11D3-BF4B-00C04F79EFBC}") = "opensc-vtrs-bridge-dynamictexts", "opensc-vtrs-bridge-dynamictexts\opensc-vtrs-bridge-dynamictexts.csproj", "{BCA57EE2-904A-4A98-99D5-179B06A4836A}"
EndProject
Project("{FAE04EC0-301F-11D3-BF4B-00C04F79EFBC}") = "opensc-umds-model", "opensc-umds-model\opensc-umds-model.csproj", "{8C0E0945-F7D0-4D41-9776-F5CFB7DE4E84}"
EndProject
Project("{FAE04EC0-301F-11D3-BF4B-00C04F79EFBC}") = "opensc-umds-subtype-mccurdy-model", "opensc-umds-subtype-mccurdy-model\opensc-umds-subtype-mccurdy-model.csproj", "{E5CB27C4-DB49-4BA8-9A06-1C375D459740}"
EndProject
Project("{FAE04EC0-301F-11D3-BF4B-00C04F79EFBC}") = "opensc-umds-subtype-tsl31-model", "opensc-umds-subtype-tsl31-model\opensc-umds-subtype-tsl31-model.csproj", "{E3D21C47-275F-4997-AA4E-6E33ED6C16C7}"
EndProject
Project("{FAE04EC0-301F-11D3-BF4B-00C04F79EFBC}") = "opensc-umds-bridge-macros", "opensc-umds-bridge-macros\opensc-umds-bridge-macros.csproj", "{540D7DFA-F636-47CE-BC3A-59DC9CD93125}"
EndProject
Project("{FAE04EC0-301F-11D3-BF4B-00C04F79EFBC}") = "opensc-tallycopying-model", "opensc-tallycopying-model\opensc-tallycopying-model.csproj", "{21147445-DB1A-417C-B38D-D43C5E599589}"
EndProject
Project("{FAE04EC0-301F-11D3-BF4B-00C04F79EFBC}") = "opensc-booleantallies-model", "opensc-booleantallies-model\opensc-booleantallies-model.csproj", "{0FBA1A41-B393-4C8F-8F10-B81268F4B1EF}"
EndProject
Project("{FAE04EC0-301F-11D3-BF4B-00C04F79EFBC}") = "opensc-mixers-model", "opensc-mixers-model\opensc-mixers-model.csproj", "{7C649008-6A05-4C3D-AC08-B5A85AB72E09}"
EndProject
Project("{FAE04EC0-301F-11D3-BF4B-00C04F79EFBC}") = "opensc-mixers-subtype-bmd-model", "opensc-mixers-subtype-bmd-model\opensc-mixers-subtype-bmd-model.csproj", "{672A67F3-ACED-47E5-AC9E-455F77E68DA1}"
EndProject
Project("{FAE04EC0-301F-11D3-BF4B-00C04F79EFBC}") = "opensc-mixers-bridge-dynamictexts", "opensc-mixers-bridge-dynamictexts\opensc-mixers-bridge-dynamictexts.csproj", "{A922FC15-E578-4C4D-895C-C308DFD6B82B}"
EndProject
Project("{FAE04EC0-301F-11D3-BF4B-00C04F79EFBC}") = "opensc-mixers-subtype-bmd-bridge-macros", "opensc-mixers-subtype-bmd-bridge-macros\opensc-mixers-subtype-bmd-bridge-macros.csproj", "{D6CE2117-2213-48DF-89CA-38BE4E7D2608}"
EndProject
Project("{FAE04EC0-301F-11D3-BF4B-00C04F79EFBC}") = "opensc-routers-bridge-dynamictexts", "opensc-routers-bridge-dynamictexts\opensc-routers-bridge-dynamictexts.csproj", "{15B4BEA2-3E1F-4ACF-8707-D6DBE8B5314E}"
EndProject
Project("{FAE04EC0-301F-11D3-BF4B-00C04F79EFBC}") = "opensc-routers-bridge-macros", "opensc-routers-bridge-macros\opensc-routers-bridge-macros.csproj", "{61687A85-4AA2-411E-B1AA-652B93D149C6}"
EndProject
Project("{FAE04EC0-301F-11D3-BF4B-00C04F79EFBC}") = "opensc-routers-subtype-bmd-model", "opensc-routers-subtype-bmd-model\opensc-routers-subtype-bmd-model.csproj", "{15EA01C2-2967-4002-BE9A-71E537CBD7F0}"
EndProject
Project("{FAE04EC0-301F-11D3-BF4B-00C04F79EFBC}") = "opensc-routers-subtype-leitch-model", "opensc-routers-subtype-leitch-model\opensc-routers-subtype-leitch-model.csproj", "{96C94DC6-74A1-4E3B-AB22-522B89A4C205}"
EndProject
Project("{FAE04EC0-301F-11D3-BF4B-00C04F79EFBC}") = "opensc-routers-subtype-virtual-model", "opensc-routers-subtype-virtual-model\opensc-routers-subtype-virtual-model.csproj", "{A2F05B74-2903-4912-B52A-16F9C4B76FF3}"
EndProject
Project("{FAE04EC0-301F-11D3-BF4B-00C04F79EFBC}") = "opensc-routers-subtype-virtualleitch-model", "opensc-routers-subtype-virtualleitch-model\opensc-routers-subtype-virtualleitch-model.csproj", "{5DB0C22D-E2FB-4D85-B6B0-56A95E31E41D}"
EndProject
Project("{FAE04EC0-301F-11D3-BF4B-00C04F79EFBC}") = "opensc-routermirrors-model", "opensc-routermirrors-model\opensc-routermirrors-model.csproj", "{A636CD79-602A-4A38-AB5E-68E3DCF74409}"
EndProject
Project("{FAE04EC0-301F-11D3-BF4B-00C04F79EFBC}") = "opensc-crosspointbooleans-model", "opensc-crosspointbooleans-model\opensc-crosspointbooleans-model.csproj", "{00D0E325-4E7C-4740-819D-73B075834E8E}"
EndProject
Project("{FAE04EC0-301F-11D3-BF4B-00C04F79EFBC}") = "opensc-crosspointstores-model", "opensc-crosspointstores-model\opensc-crosspointstores-model.csproj", "{2E95F8F6-C638-46D2-AAE2-F6ADD93F45B2}"
EndProject
Project("{FAE04EC0-301F-11D3-BF4B-00C04F79EFBC}") = "opensc-crosspointstores-bridge-macros", "opensc-crosspointstores-bridge-macros\opensc-crosspointstores-bridge-macros.csproj", "{983EC3E0-4718-42F4-AAA6-E3F041BE6E92}"
EndProject
Project("{FAE04EC0-301F-11D3-BF4B-00C04F79EFBC}") = "opensc-labelsets-model", "opensc-labelsets-model\opensc-labelsets-model.csproj", "{F2E2F38A-E5ED-4A7A-B962-2BF5FBF81721}"
EndProject
Project("{FAE04EC0-301F-11D3-BF4B-00C04F79EFBC}") = "opensc-macropanels-model", "opensc-macropanels-model\opensc-macropanels-model.csproj", "{86FAC337-C6EB-431E-9E72-5D18851EAA26}"
EndProject
Project("{FAE04EC0-301F-11D3-BF4B-00C04F79EFBC}") = "opensc-labelsets-bridge-dynamictexts", "opensc-labelsets-bridge-dynamictexts\opensc-labelsets-bridge-dynamictexts.csproj", "{3811FE57-70EC-49E0-9A4B-5661DEDA9E68}"
EndProject
Global
	GlobalSection(SolutionConfigurationPlatforms) = preSolution
		Debug|Any CPU = Debug|Any CPU
		Debug|x64 = Debug|x64
		Debug|x86 = Debug|x86
		Release|Any CPU = Release|Any CPU
		Release|x64 = Release|x64
		Release|x86 = Release|x86
	EndGlobalSection
	GlobalSection(ProjectConfigurationPlatforms) = postSolution
		{E871723E-7268-47CE-AE58-75A18AC93F63}.Debug|Any CPU.ActiveCfg = Debug|Any CPU
		{E871723E-7268-47CE-AE58-75A18AC93F63}.Debug|Any CPU.Build.0 = Debug|Any CPU
		{E871723E-7268-47CE-AE58-75A18AC93F63}.Debug|x64.ActiveCfg = Debug|Any CPU
		{E871723E-7268-47CE-AE58-75A18AC93F63}.Debug|x64.Build.0 = Debug|Any CPU
		{E871723E-7268-47CE-AE58-75A18AC93F63}.Debug|x86.ActiveCfg = Debug|Any CPU
		{E871723E-7268-47CE-AE58-75A18AC93F63}.Debug|x86.Build.0 = Debug|Any CPU
		{E871723E-7268-47CE-AE58-75A18AC93F63}.Release|Any CPU.ActiveCfg = Release|Any CPU
		{E871723E-7268-47CE-AE58-75A18AC93F63}.Release|Any CPU.Build.0 = Release|Any CPU
		{E871723E-7268-47CE-AE58-75A18AC93F63}.Release|x64.ActiveCfg = Release|Any CPU
		{E871723E-7268-47CE-AE58-75A18AC93F63}.Release|x64.Build.0 = Release|Any CPU
		{E871723E-7268-47CE-AE58-75A18AC93F63}.Release|x86.ActiveCfg = Release|Any CPU
		{E871723E-7268-47CE-AE58-75A18AC93F63}.Release|x86.Build.0 = Release|Any CPU
		{EADC56A4-B18D-4742-9855-C5142E90AA19}.Debug|Any CPU.ActiveCfg = Debug|Any CPU
		{EADC56A4-B18D-4742-9855-C5142E90AA19}.Debug|Any CPU.Build.0 = Debug|Any CPU
		{EADC56A4-B18D-4742-9855-C5142E90AA19}.Debug|x64.ActiveCfg = Debug|Any CPU
		{EADC56A4-B18D-4742-9855-C5142E90AA19}.Debug|x64.Build.0 = Debug|Any CPU
		{EADC56A4-B18D-4742-9855-C5142E90AA19}.Debug|x86.ActiveCfg = Debug|Any CPU
		{EADC56A4-B18D-4742-9855-C5142E90AA19}.Debug|x86.Build.0 = Debug|Any CPU
		{EADC56A4-B18D-4742-9855-C5142E90AA19}.Release|Any CPU.ActiveCfg = Release|Any CPU
		{EADC56A4-B18D-4742-9855-C5142E90AA19}.Release|Any CPU.Build.0 = Release|Any CPU
		{EADC56A4-B18D-4742-9855-C5142E90AA19}.Release|x64.ActiveCfg = Release|Any CPU
		{EADC56A4-B18D-4742-9855-C5142E90AA19}.Release|x64.Build.0 = Release|Any CPU
		{EADC56A4-B18D-4742-9855-C5142E90AA19}.Release|x86.ActiveCfg = Release|Any CPU
		{EADC56A4-B18D-4742-9855-C5142E90AA19}.Release|x86.Build.0 = Release|Any CPU
		{A9CEE499-CF5C-419A-8CF0-66F20596B820}.Debug|Any CPU.ActiveCfg = Debug|Any CPU
		{A9CEE499-CF5C-419A-8CF0-66F20596B820}.Debug|Any CPU.Build.0 = Debug|Any CPU
		{A9CEE499-CF5C-419A-8CF0-66F20596B820}.Debug|x64.ActiveCfg = Debug|Any CPU
		{A9CEE499-CF5C-419A-8CF0-66F20596B820}.Debug|x64.Build.0 = Debug|Any CPU
		{A9CEE499-CF5C-419A-8CF0-66F20596B820}.Debug|x86.ActiveCfg = Debug|Any CPU
		{A9CEE499-CF5C-419A-8CF0-66F20596B820}.Debug|x86.Build.0 = Debug|Any CPU
		{A9CEE499-CF5C-419A-8CF0-66F20596B820}.Release|Any CPU.ActiveCfg = Release|Any CPU
		{A9CEE499-CF5C-419A-8CF0-66F20596B820}.Release|Any CPU.Build.0 = Release|Any CPU
		{A9CEE499-CF5C-419A-8CF0-66F20596B820}.Release|x64.ActiveCfg = Release|Any CPU
		{A9CEE499-CF5C-419A-8CF0-66F20596B820}.Release|x64.Build.0 = Release|Any CPU
		{A9CEE499-CF5C-419A-8CF0-66F20596B820}.Release|x86.ActiveCfg = Release|Any CPU
		{A9CEE499-CF5C-419A-8CF0-66F20596B820}.Release|x86.Build.0 = Release|Any CPU
		{398DE4A8-DFBF-4130-83AC-EF37DA249587}.Debug|Any CPU.ActiveCfg = Debug|Any CPU
		{398DE4A8-DFBF-4130-83AC-EF37DA249587}.Debug|Any CPU.Build.0 = Debug|Any CPU
		{398DE4A8-DFBF-4130-83AC-EF37DA249587}.Debug|x64.ActiveCfg = Debug|Any CPU
		{398DE4A8-DFBF-4130-83AC-EF37DA249587}.Debug|x64.Build.0 = Debug|Any CPU
		{398DE4A8-DFBF-4130-83AC-EF37DA249587}.Debug|x86.ActiveCfg = Debug|Any CPU
		{398DE4A8-DFBF-4130-83AC-EF37DA249587}.Debug|x86.Build.0 = Debug|Any CPU
		{398DE4A8-DFBF-4130-83AC-EF37DA249587}.Release|Any CPU.ActiveCfg = Release|Any CPU
		{398DE4A8-DFBF-4130-83AC-EF37DA249587}.Release|Any CPU.Build.0 = Release|Any CPU
		{398DE4A8-DFBF-4130-83AC-EF37DA249587}.Release|x64.ActiveCfg = Release|Any CPU
		{398DE4A8-DFBF-4130-83AC-EF37DA249587}.Release|x64.Build.0 = Release|Any CPU
		{398DE4A8-DFBF-4130-83AC-EF37DA249587}.Release|x86.ActiveCfg = Release|Any CPU
		{398DE4A8-DFBF-4130-83AC-EF37DA249587}.Release|x86.Build.0 = Release|Any CPU
		{16A6BEEC-548D-4A77-9FE6-8DF8D5333219}.Debug|Any CPU.ActiveCfg = Debug|Any CPU
		{16A6BEEC-548D-4A77-9FE6-8DF8D5333219}.Debug|Any CPU.Build.0 = Debug|Any CPU
		{16A6BEEC-548D-4A77-9FE6-8DF8D5333219}.Debug|x64.ActiveCfg = Debug|Any CPU
		{16A6BEEC-548D-4A77-9FE6-8DF8D5333219}.Debug|x64.Build.0 = Debug|Any CPU
		{16A6BEEC-548D-4A77-9FE6-8DF8D5333219}.Debug|x86.ActiveCfg = Debug|Any CPU
		{16A6BEEC-548D-4A77-9FE6-8DF8D5333219}.Debug|x86.Build.0 = Debug|Any CPU
		{16A6BEEC-548D-4A77-9FE6-8DF8D5333219}.Release|Any CPU.ActiveCfg = Release|Any CPU
		{16A6BEEC-548D-4A77-9FE6-8DF8D5333219}.Release|Any CPU.Build.0 = Release|Any CPU
		{16A6BEEC-548D-4A77-9FE6-8DF8D5333219}.Release|x64.ActiveCfg = Release|Any CPU
		{16A6BEEC-548D-4A77-9FE6-8DF8D5333219}.Release|x64.Build.0 = Release|Any CPU
		{16A6BEEC-548D-4A77-9FE6-8DF8D5333219}.Release|x86.ActiveCfg = Release|Any CPU
		{16A6BEEC-548D-4A77-9FE6-8DF8D5333219}.Release|x86.Build.0 = Release|Any CPU
		{E30563FD-DE1F-4AB5-86DD-72165B84EB85}.Debug|Any CPU.ActiveCfg = Debug|Any CPU
		{E30563FD-DE1F-4AB5-86DD-72165B84EB85}.Debug|Any CPU.Build.0 = Debug|Any CPU
		{E30563FD-DE1F-4AB5-86DD-72165B84EB85}.Debug|x64.ActiveCfg = Debug|Any CPU
		{E30563FD-DE1F-4AB5-86DD-72165B84EB85}.Debug|x64.Build.0 = Debug|Any CPU
		{E30563FD-DE1F-4AB5-86DD-72165B84EB85}.Debug|x86.ActiveCfg = Debug|Any CPU
		{E30563FD-DE1F-4AB5-86DD-72165B84EB85}.Debug|x86.Build.0 = Debug|Any CPU
		{E30563FD-DE1F-4AB5-86DD-72165B84EB85}.Release|Any CPU.ActiveCfg = Release|Any CPU
		{E30563FD-DE1F-4AB5-86DD-72165B84EB85}.Release|Any CPU.Build.0 = Release|Any CPU
		{E30563FD-DE1F-4AB5-86DD-72165B84EB85}.Release|x64.ActiveCfg = Release|Any CPU
		{E30563FD-DE1F-4AB5-86DD-72165B84EB85}.Release|x64.Build.0 = Release|Any CPU
		{E30563FD-DE1F-4AB5-86DD-72165B84EB85}.Release|x86.ActiveCfg = Release|Any CPU
		{E30563FD-DE1F-4AB5-86DD-72165B84EB85}.Release|x86.Build.0 = Release|Any CPU
		{B579FF80-0001-44B8-9363-4EBEB4EF6117}.Debug|Any CPU.ActiveCfg = Debug|Any CPU
		{B579FF80-0001-44B8-9363-4EBEB4EF6117}.Debug|Any CPU.Build.0 = Debug|Any CPU
		{B579FF80-0001-44B8-9363-4EBEB4EF6117}.Debug|x64.ActiveCfg = Debug|Any CPU
		{B579FF80-0001-44B8-9363-4EBEB4EF6117}.Debug|x64.Build.0 = Debug|Any CPU
		{B579FF80-0001-44B8-9363-4EBEB4EF6117}.Debug|x86.ActiveCfg = Debug|Any CPU
		{B579FF80-0001-44B8-9363-4EBEB4EF6117}.Debug|x86.Build.0 = Debug|Any CPU
		{B579FF80-0001-44B8-9363-4EBEB4EF6117}.Release|Any CPU.ActiveCfg = Release|Any CPU
		{B579FF80-0001-44B8-9363-4EBEB4EF6117}.Release|Any CPU.Build.0 = Release|Any CPU
		{B579FF80-0001-44B8-9363-4EBEB4EF6117}.Release|x64.ActiveCfg = Release|Any CPU
		{B579FF80-0001-44B8-9363-4EBEB4EF6117}.Release|x64.Build.0 = Release|Any CPU
		{B579FF80-0001-44B8-9363-4EBEB4EF6117}.Release|x86.ActiveCfg = Release|Any CPU
		{B579FF80-0001-44B8-9363-4EBEB4EF6117}.Release|x86.Build.0 = Release|Any CPU
		{FDCF0DA0-9336-4A72-BD61-1AAF396940AF}.Debug|Any CPU.ActiveCfg = Debug|Any CPU
		{FDCF0DA0-9336-4A72-BD61-1AAF396940AF}.Debug|Any CPU.Build.0 = Debug|Any CPU
		{FDCF0DA0-9336-4A72-BD61-1AAF396940AF}.Debug|x64.ActiveCfg = Debug|Any CPU
		{FDCF0DA0-9336-4A72-BD61-1AAF396940AF}.Debug|x64.Build.0 = Debug|Any CPU
		{FDCF0DA0-9336-4A72-BD61-1AAF396940AF}.Debug|x86.ActiveCfg = Debug|Any CPU
		{FDCF0DA0-9336-4A72-BD61-1AAF396940AF}.Debug|x86.Build.0 = Debug|Any CPU
		{FDCF0DA0-9336-4A72-BD61-1AAF396940AF}.Release|Any CPU.ActiveCfg = Release|Any CPU
		{FDCF0DA0-9336-4A72-BD61-1AAF396940AF}.Release|Any CPU.Build.0 = Release|Any CPU
		{FDCF0DA0-9336-4A72-BD61-1AAF396940AF}.Release|x64.ActiveCfg = Release|Any CPU
		{FDCF0DA0-9336-4A72-BD61-1AAF396940AF}.Release|x64.Build.0 = Release|Any CPU
		{FDCF0DA0-9336-4A72-BD61-1AAF396940AF}.Release|x86.ActiveCfg = Release|Any CPU
		{FDCF0DA0-9336-4A72-BD61-1AAF396940AF}.Release|x86.Build.0 = Release|Any CPU
		{7CFDF83F-4856-4E36-A489-2058415DDE2F}.Debug|Any CPU.ActiveCfg = Debug|Any CPU
		{7CFDF83F-4856-4E36-A489-2058415DDE2F}.Debug|Any CPU.Build.0 = Debug|Any CPU
		{7CFDF83F-4856-4E36-A489-2058415DDE2F}.Debug|x64.ActiveCfg = Debug|Any CPU
		{7CFDF83F-4856-4E36-A489-2058415DDE2F}.Debug|x64.Build.0 = Debug|Any CPU
		{7CFDF83F-4856-4E36-A489-2058415DDE2F}.Debug|x86.ActiveCfg = Debug|Any CPU
		{7CFDF83F-4856-4E36-A489-2058415DDE2F}.Debug|x86.Build.0 = Debug|Any CPU
		{7CFDF83F-4856-4E36-A489-2058415DDE2F}.Release|Any CPU.ActiveCfg = Release|Any CPU
		{7CFDF83F-4856-4E36-A489-2058415DDE2F}.Release|Any CPU.Build.0 = Release|Any CPU
		{7CFDF83F-4856-4E36-A489-2058415DDE2F}.Release|x64.ActiveCfg = Release|Any CPU
		{7CFDF83F-4856-4E36-A489-2058415DDE2F}.Release|x64.Build.0 = Release|Any CPU
		{7CFDF83F-4856-4E36-A489-2058415DDE2F}.Release|x86.ActiveCfg = Release|Any CPU
		{7CFDF83F-4856-4E36-A489-2058415DDE2F}.Release|x86.Build.0 = Release|Any CPU
		{469F1D25-F30D-40F3-B2F9-1005DD37B684}.Debug|Any CPU.ActiveCfg = Debug|Any CPU
		{469F1D25-F30D-40F3-B2F9-1005DD37B684}.Debug|Any CPU.Build.0 = Debug|Any CPU
		{469F1D25-F30D-40F3-B2F9-1005DD37B684}.Debug|x64.ActiveCfg = Debug|Any CPU
		{469F1D25-F30D-40F3-B2F9-1005DD37B684}.Debug|x64.Build.0 = Debug|Any CPU
		{469F1D25-F30D-40F3-B2F9-1005DD37B684}.Debug|x86.ActiveCfg = Debug|Any CPU
		{469F1D25-F30D-40F3-B2F9-1005DD37B684}.Debug|x86.Build.0 = Debug|Any CPU
		{469F1D25-F30D-40F3-B2F9-1005DD37B684}.Release|Any CPU.ActiveCfg = Release|Any CPU
		{469F1D25-F30D-40F3-B2F9-1005DD37B684}.Release|Any CPU.Build.0 = Release|Any CPU
		{469F1D25-F30D-40F3-B2F9-1005DD37B684}.Release|x64.ActiveCfg = Release|Any CPU
		{469F1D25-F30D-40F3-B2F9-1005DD37B684}.Release|x64.Build.0 = Release|Any CPU
		{469F1D25-F30D-40F3-B2F9-1005DD37B684}.Release|x86.ActiveCfg = Release|Any CPU
		{469F1D25-F30D-40F3-B2F9-1005DD37B684}.Release|x86.Build.0 = Release|Any CPU
		{543A1330-CCB4-4E18-903A-C58D3C007816}.Debug|Any CPU.ActiveCfg = Debug|Any CPU
		{543A1330-CCB4-4E18-903A-C58D3C007816}.Debug|Any CPU.Build.0 = Debug|Any CPU
		{543A1330-CCB4-4E18-903A-C58D3C007816}.Debug|x64.ActiveCfg = Debug|Any CPU
		{543A1330-CCB4-4E18-903A-C58D3C007816}.Debug|x64.Build.0 = Debug|Any CPU
		{543A1330-CCB4-4E18-903A-C58D3C007816}.Debug|x86.ActiveCfg = Debug|Any CPU
		{543A1330-CCB4-4E18-903A-C58D3C007816}.Debug|x86.Build.0 = Debug|Any CPU
		{543A1330-CCB4-4E18-903A-C58D3C007816}.Release|Any CPU.ActiveCfg = Release|Any CPU
		{543A1330-CCB4-4E18-903A-C58D3C007816}.Release|Any CPU.Build.0 = Release|Any CPU
		{543A1330-CCB4-4E18-903A-C58D3C007816}.Release|x64.ActiveCfg = Release|Any CPU
		{543A1330-CCB4-4E18-903A-C58D3C007816}.Release|x64.Build.0 = Release|Any CPU
		{543A1330-CCB4-4E18-903A-C58D3C007816}.Release|x86.ActiveCfg = Release|Any CPU
		{543A1330-CCB4-4E18-903A-C58D3C007816}.Release|x86.Build.0 = Release|Any CPU
		{0A97CA9B-290A-4BCC-9DF8-103C02B1AF29}.Debug|Any CPU.ActiveCfg = Debug|Any CPU
		{0A97CA9B-290A-4BCC-9DF8-103C02B1AF29}.Debug|Any CPU.Build.0 = Debug|Any CPU
		{0A97CA9B-290A-4BCC-9DF8-103C02B1AF29}.Debug|x64.ActiveCfg = Debug|Any CPU
		{0A97CA9B-290A-4BCC-9DF8-103C02B1AF29}.Debug|x64.Build.0 = Debug|Any CPU
		{0A97CA9B-290A-4BCC-9DF8-103C02B1AF29}.Debug|x86.ActiveCfg = Debug|Any CPU
		{0A97CA9B-290A-4BCC-9DF8-103C02B1AF29}.Debug|x86.Build.0 = Debug|Any CPU
		{0A97CA9B-290A-4BCC-9DF8-103C02B1AF29}.Release|Any CPU.ActiveCfg = Release|Any CPU
		{0A97CA9B-290A-4BCC-9DF8-103C02B1AF29}.Release|Any CPU.Build.0 = Release|Any CPU
		{0A97CA9B-290A-4BCC-9DF8-103C02B1AF29}.Release|x64.ActiveCfg = Release|Any CPU
		{0A97CA9B-290A-4BCC-9DF8-103C02B1AF29}.Release|x64.Build.0 = Release|Any CPU
		{0A97CA9B-290A-4BCC-9DF8-103C02B1AF29}.Release|x86.ActiveCfg = Release|Any CPU
		{0A97CA9B-290A-4BCC-9DF8-103C02B1AF29}.Release|x86.Build.0 = Release|Any CPU
		{32516067-0D7C-432D-BEF6-079D6230C549}.Debug|Any CPU.ActiveCfg = Debug|Any CPU
		{32516067-0D7C-432D-BEF6-079D6230C549}.Debug|Any CPU.Build.0 = Debug|Any CPU
		{32516067-0D7C-432D-BEF6-079D6230C549}.Debug|x64.ActiveCfg = Debug|Any CPU
		{32516067-0D7C-432D-BEF6-079D6230C549}.Debug|x64.Build.0 = Debug|Any CPU
		{32516067-0D7C-432D-BEF6-079D6230C549}.Debug|x86.ActiveCfg = Debug|Any CPU
		{32516067-0D7C-432D-BEF6-079D6230C549}.Debug|x86.Build.0 = Debug|Any CPU
		{32516067-0D7C-432D-BEF6-079D6230C549}.Release|Any CPU.ActiveCfg = Release|Any CPU
		{32516067-0D7C-432D-BEF6-079D6230C549}.Release|Any CPU.Build.0 = Release|Any CPU
		{32516067-0D7C-432D-BEF6-079D6230C549}.Release|x64.ActiveCfg = Release|Any CPU
		{32516067-0D7C-432D-BEF6-079D6230C549}.Release|x64.Build.0 = Release|Any CPU
		{32516067-0D7C-432D-BEF6-079D6230C549}.Release|x86.ActiveCfg = Release|Any CPU
		{32516067-0D7C-432D-BEF6-079D6230C549}.Release|x86.Build.0 = Release|Any CPU
		{76853B46-32A4-415D-92E2-57FEB4600E87}.Debug|Any CPU.ActiveCfg = Debug|Any CPU
		{76853B46-32A4-415D-92E2-57FEB4600E87}.Debug|Any CPU.Build.0 = Debug|Any CPU
		{76853B46-32A4-415D-92E2-57FEB4600E87}.Debug|x64.ActiveCfg = Debug|Any CPU
		{76853B46-32A4-415D-92E2-57FEB4600E87}.Debug|x64.Build.0 = Debug|Any CPU
		{76853B46-32A4-415D-92E2-57FEB4600E87}.Debug|x86.ActiveCfg = Debug|Any CPU
		{76853B46-32A4-415D-92E2-57FEB4600E87}.Debug|x86.Build.0 = Debug|Any CPU
		{76853B46-32A4-415D-92E2-57FEB4600E87}.Release|Any CPU.ActiveCfg = Release|Any CPU
		{76853B46-32A4-415D-92E2-57FEB4600E87}.Release|Any CPU.Build.0 = Release|Any CPU
		{76853B46-32A4-415D-92E2-57FEB4600E87}.Release|x64.ActiveCfg = Release|Any CPU
		{76853B46-32A4-415D-92E2-57FEB4600E87}.Release|x64.Build.0 = Release|Any CPU
		{76853B46-32A4-415D-92E2-57FEB4600E87}.Release|x86.ActiveCfg = Release|Any CPU
		{76853B46-32A4-415D-92E2-57FEB4600E87}.Release|x86.Build.0 = Release|Any CPU
		{C3968358-F075-4CFE-9885-21FB23A83D8B}.Debug|Any CPU.ActiveCfg = Debug|Any CPU
		{C3968358-F075-4CFE-9885-21FB23A83D8B}.Debug|Any CPU.Build.0 = Debug|Any CPU
		{C3968358-F075-4CFE-9885-21FB23A83D8B}.Debug|x64.ActiveCfg = Debug|Any CPU
		{C3968358-F075-4CFE-9885-21FB23A83D8B}.Debug|x64.Build.0 = Debug|Any CPU
		{C3968358-F075-4CFE-9885-21FB23A83D8B}.Debug|x86.ActiveCfg = Debug|Any CPU
		{C3968358-F075-4CFE-9885-21FB23A83D8B}.Debug|x86.Build.0 = Debug|Any CPU
		{C3968358-F075-4CFE-9885-21FB23A83D8B}.Release|Any CPU.ActiveCfg = Release|Any CPU
		{C3968358-F075-4CFE-9885-21FB23A83D8B}.Release|Any CPU.Build.0 = Release|Any CPU
		{C3968358-F075-4CFE-9885-21FB23A83D8B}.Release|x64.ActiveCfg = Release|Any CPU
		{C3968358-F075-4CFE-9885-21FB23A83D8B}.Release|x64.Build.0 = Release|Any CPU
		{C3968358-F075-4CFE-9885-21FB23A83D8B}.Release|x86.ActiveCfg = Release|Any CPU
		{C3968358-F075-4CFE-9885-21FB23A83D8B}.Release|x86.Build.0 = Release|Any CPU
		{3C15C5F6-E564-4B1B-AB76-C6295FC518C0}.Debug|Any CPU.ActiveCfg = Debug|Any CPU
		{3C15C5F6-E564-4B1B-AB76-C6295FC518C0}.Debug|Any CPU.Build.0 = Debug|Any CPU
		{3C15C5F6-E564-4B1B-AB76-C6295FC518C0}.Debug|x64.ActiveCfg = Debug|Any CPU
		{3C15C5F6-E564-4B1B-AB76-C6295FC518C0}.Debug|x64.Build.0 = Debug|Any CPU
		{3C15C5F6-E564-4B1B-AB76-C6295FC518C0}.Debug|x86.ActiveCfg = Debug|Any CPU
		{3C15C5F6-E564-4B1B-AB76-C6295FC518C0}.Debug|x86.Build.0 = Debug|Any CPU
		{3C15C5F6-E564-4B1B-AB76-C6295FC518C0}.Release|Any CPU.ActiveCfg = Release|Any CPU
		{3C15C5F6-E564-4B1B-AB76-C6295FC518C0}.Release|Any CPU.Build.0 = Release|Any CPU
		{3C15C5F6-E564-4B1B-AB76-C6295FC518C0}.Release|x64.ActiveCfg = Release|Any CPU
		{3C15C5F6-E564-4B1B-AB76-C6295FC518C0}.Release|x64.Build.0 = Release|Any CPU
		{3C15C5F6-E564-4B1B-AB76-C6295FC518C0}.Release|x86.ActiveCfg = Release|Any CPU
		{3C15C5F6-E564-4B1B-AB76-C6295FC518C0}.Release|x86.Build.0 = Release|Any CPU
		{66652CE7-C94D-4C8F-8B21-203665CB2762}.Debug|Any CPU.ActiveCfg = Debug|Any CPU
		{66652CE7-C94D-4C8F-8B21-203665CB2762}.Debug|Any CPU.Build.0 = Debug|Any CPU
		{66652CE7-C94D-4C8F-8B21-203665CB2762}.Debug|x64.ActiveCfg = Debug|Any CPU
		{66652CE7-C94D-4C8F-8B21-203665CB2762}.Debug|x64.Build.0 = Debug|Any CPU
		{66652CE7-C94D-4C8F-8B21-203665CB2762}.Debug|x86.ActiveCfg = Debug|Any CPU
		{66652CE7-C94D-4C8F-8B21-203665CB2762}.Debug|x86.Build.0 = Debug|Any CPU
		{66652CE7-C94D-4C8F-8B21-203665CB2762}.Release|Any CPU.ActiveCfg = Release|Any CPU
		{66652CE7-C94D-4C8F-8B21-203665CB2762}.Release|Any CPU.Build.0 = Release|Any CPU
		{66652CE7-C94D-4C8F-8B21-203665CB2762}.Release|x64.ActiveCfg = Release|Any CPU
		{66652CE7-C94D-4C8F-8B21-203665CB2762}.Release|x64.Build.0 = Release|Any CPU
		{66652CE7-C94D-4C8F-8B21-203665CB2762}.Release|x86.ActiveCfg = Release|Any CPU
		{66652CE7-C94D-4C8F-8B21-203665CB2762}.Release|x86.Build.0 = Release|Any CPU
		{9723E8AA-94AF-473F-B495-B88013DF5157}.Debug|Any CPU.ActiveCfg = Debug|Any CPU
		{9723E8AA-94AF-473F-B495-B88013DF5157}.Debug|Any CPU.Build.0 = Debug|Any CPU
		{9723E8AA-94AF-473F-B495-B88013DF5157}.Debug|x64.ActiveCfg = Debug|Any CPU
		{9723E8AA-94AF-473F-B495-B88013DF5157}.Debug|x64.Build.0 = Debug|Any CPU
		{9723E8AA-94AF-473F-B495-B88013DF5157}.Debug|x86.ActiveCfg = Debug|Any CPU
		{9723E8AA-94AF-473F-B495-B88013DF5157}.Debug|x86.Build.0 = Debug|Any CPU
		{9723E8AA-94AF-473F-B495-B88013DF5157}.Release|Any CPU.ActiveCfg = Release|Any CPU
		{9723E8AA-94AF-473F-B495-B88013DF5157}.Release|Any CPU.Build.0 = Release|Any CPU
		{9723E8AA-94AF-473F-B495-B88013DF5157}.Release|x64.ActiveCfg = Release|Any CPU
		{9723E8AA-94AF-473F-B495-B88013DF5157}.Release|x64.Build.0 = Release|Any CPU
		{9723E8AA-94AF-473F-B495-B88013DF5157}.Release|x86.ActiveCfg = Release|Any CPU
		{9723E8AA-94AF-473F-B495-B88013DF5157}.Release|x86.Build.0 = Release|Any CPU
		{949544BC-4682-42ED-9152-6DFD85E9F46E}.Debug|Any CPU.ActiveCfg = Debug|Any CPU
		{949544BC-4682-42ED-9152-6DFD85E9F46E}.Debug|Any CPU.Build.0 = Debug|Any CPU
		{949544BC-4682-42ED-9152-6DFD85E9F46E}.Debug|x64.ActiveCfg = Debug|Any CPU
		{949544BC-4682-42ED-9152-6DFD85E9F46E}.Debug|x64.Build.0 = Debug|Any CPU
		{949544BC-4682-42ED-9152-6DFD85E9F46E}.Debug|x86.ActiveCfg = Debug|Any CPU
		{949544BC-4682-42ED-9152-6DFD85E9F46E}.Debug|x86.Build.0 = Debug|Any CPU
		{949544BC-4682-42ED-9152-6DFD85E9F46E}.Release|Any CPU.ActiveCfg = Release|Any CPU
		{949544BC-4682-42ED-9152-6DFD85E9F46E}.Release|Any CPU.Build.0 = Release|Any CPU
		{949544BC-4682-42ED-9152-6DFD85E9F46E}.Release|x64.ActiveCfg = Release|Any CPU
		{949544BC-4682-42ED-9152-6DFD85E9F46E}.Release|x64.Build.0 = Release|Any CPU
		{949544BC-4682-42ED-9152-6DFD85E9F46E}.Release|x86.ActiveCfg = Release|Any CPU
		{949544BC-4682-42ED-9152-6DFD85E9F46E}.Release|x86.Build.0 = Release|Any CPU
		{BCA57EE2-904A-4A98-99D5-179B06A4836A}.Debug|Any CPU.ActiveCfg = Debug|Any CPU
		{BCA57EE2-904A-4A98-99D5-179B06A4836A}.Debug|Any CPU.Build.0 = Debug|Any CPU
		{BCA57EE2-904A-4A98-99D5-179B06A4836A}.Debug|x64.ActiveCfg = Debug|Any CPU
		{BCA57EE2-904A-4A98-99D5-179B06A4836A}.Debug|x64.Build.0 = Debug|Any CPU
		{BCA57EE2-904A-4A98-99D5-179B06A4836A}.Debug|x86.ActiveCfg = Debug|Any CPU
		{BCA57EE2-904A-4A98-99D5-179B06A4836A}.Debug|x86.Build.0 = Debug|Any CPU
		{BCA57EE2-904A-4A98-99D5-179B06A4836A}.Release|Any CPU.ActiveCfg = Release|Any CPU
		{BCA57EE2-904A-4A98-99D5-179B06A4836A}.Release|Any CPU.Build.0 = Release|Any CPU
		{BCA57EE2-904A-4A98-99D5-179B06A4836A}.Release|x64.ActiveCfg = Release|Any CPU
		{BCA57EE2-904A-4A98-99D5-179B06A4836A}.Release|x64.Build.0 = Release|Any CPU
		{BCA57EE2-904A-4A98-99D5-179B06A4836A}.Release|x86.ActiveCfg = Release|Any CPU
		{BCA57EE2-904A-4A98-99D5-179B06A4836A}.Release|x86.Build.0 = Release|Any CPU
		{8C0E0945-F7D0-4D41-9776-F5CFB7DE4E84}.Debug|Any CPU.ActiveCfg = Debug|Any CPU
		{8C0E0945-F7D0-4D41-9776-F5CFB7DE4E84}.Debug|Any CPU.Build.0 = Debug|Any CPU
		{8C0E0945-F7D0-4D41-9776-F5CFB7DE4E84}.Debug|x64.ActiveCfg = Debug|Any CPU
		{8C0E0945-F7D0-4D41-9776-F5CFB7DE4E84}.Debug|x64.Build.0 = Debug|Any CPU
		{8C0E0945-F7D0-4D41-9776-F5CFB7DE4E84}.Debug|x86.ActiveCfg = Debug|Any CPU
		{8C0E0945-F7D0-4D41-9776-F5CFB7DE4E84}.Debug|x86.Build.0 = Debug|Any CPU
		{8C0E0945-F7D0-4D41-9776-F5CFB7DE4E84}.Release|Any CPU.ActiveCfg = Release|Any CPU
		{8C0E0945-F7D0-4D41-9776-F5CFB7DE4E84}.Release|Any CPU.Build.0 = Release|Any CPU
		{8C0E0945-F7D0-4D41-9776-F5CFB7DE4E84}.Release|x64.ActiveCfg = Release|Any CPU
		{8C0E0945-F7D0-4D41-9776-F5CFB7DE4E84}.Release|x64.Build.0 = Release|Any CPU
		{8C0E0945-F7D0-4D41-9776-F5CFB7DE4E84}.Release|x86.ActiveCfg = Release|Any CPU
		{8C0E0945-F7D0-4D41-9776-F5CFB7DE4E84}.Release|x86.Build.0 = Release|Any CPU
		{E5CB27C4-DB49-4BA8-9A06-1C375D459740}.Debug|Any CPU.ActiveCfg = Debug|Any CPU
		{E5CB27C4-DB49-4BA8-9A06-1C375D459740}.Debug|Any CPU.Build.0 = Debug|Any CPU
		{E5CB27C4-DB49-4BA8-9A06-1C375D459740}.Debug|x64.ActiveCfg = Debug|Any CPU
		{E5CB27C4-DB49-4BA8-9A06-1C375D459740}.Debug|x64.Build.0 = Debug|Any CPU
		{E5CB27C4-DB49-4BA8-9A06-1C375D459740}.Debug|x86.ActiveCfg = Debug|Any CPU
		{E5CB27C4-DB49-4BA8-9A06-1C375D459740}.Debug|x86.Build.0 = Debug|Any CPU
		{E5CB27C4-DB49-4BA8-9A06-1C375D459740}.Release|Any CPU.ActiveCfg = Release|Any CPU
		{E5CB27C4-DB49-4BA8-9A06-1C375D459740}.Release|Any CPU.Build.0 = Release|Any CPU
		{E5CB27C4-DB49-4BA8-9A06-1C375D459740}.Release|x64.ActiveCfg = Release|Any CPU
		{E5CB27C4-DB49-4BA8-9A06-1C375D459740}.Release|x64.Build.0 = Release|Any CPU
		{E5CB27C4-DB49-4BA8-9A06-1C375D459740}.Release|x86.ActiveCfg = Release|Any CPU
		{E5CB27C4-DB49-4BA8-9A06-1C375D459740}.Release|x86.Build.0 = Release|Any CPU
		{E3D21C47-275F-4997-AA4E-6E33ED6C16C7}.Debug|Any CPU.ActiveCfg = Debug|Any CPU
		{E3D21C47-275F-4997-AA4E-6E33ED6C16C7}.Debug|Any CPU.Build.0 = Debug|Any CPU
		{E3D21C47-275F-4997-AA4E-6E33ED6C16C7}.Debug|x64.ActiveCfg = Debug|Any CPU
		{E3D21C47-275F-4997-AA4E-6E33ED6C16C7}.Debug|x64.Build.0 = Debug|Any CPU
		{E3D21C47-275F-4997-AA4E-6E33ED6C16C7}.Debug|x86.ActiveCfg = Debug|Any CPU
		{E3D21C47-275F-4997-AA4E-6E33ED6C16C7}.Debug|x86.Build.0 = Debug|Any CPU
		{E3D21C47-275F-4997-AA4E-6E33ED6C16C7}.Release|Any CPU.ActiveCfg = Release|Any CPU
		{E3D21C47-275F-4997-AA4E-6E33ED6C16C7}.Release|Any CPU.Build.0 = Release|Any CPU
		{E3D21C47-275F-4997-AA4E-6E33ED6C16C7}.Release|x64.ActiveCfg = Release|Any CPU
		{E3D21C47-275F-4997-AA4E-6E33ED6C16C7}.Release|x64.Build.0 = Release|Any CPU
		{E3D21C47-275F-4997-AA4E-6E33ED6C16C7}.Release|x86.ActiveCfg = Release|Any CPU
		{E3D21C47-275F-4997-AA4E-6E33ED6C16C7}.Release|x86.Build.0 = Release|Any CPU
		{540D7DFA-F636-47CE-BC3A-59DC9CD93125}.Debug|Any CPU.ActiveCfg = Debug|Any CPU
		{540D7DFA-F636-47CE-BC3A-59DC9CD93125}.Debug|Any CPU.Build.0 = Debug|Any CPU
		{540D7DFA-F636-47CE-BC3A-59DC9CD93125}.Debug|x64.ActiveCfg = Debug|Any CPU
		{540D7DFA-F636-47CE-BC3A-59DC9CD93125}.Debug|x64.Build.0 = Debug|Any CPU
		{540D7DFA-F636-47CE-BC3A-59DC9CD93125}.Debug|x86.ActiveCfg = Debug|Any CPU
		{540D7DFA-F636-47CE-BC3A-59DC9CD93125}.Debug|x86.Build.0 = Debug|Any CPU
		{540D7DFA-F636-47CE-BC3A-59DC9CD93125}.Release|Any CPU.ActiveCfg = Release|Any CPU
		{540D7DFA-F636-47CE-BC3A-59DC9CD93125}.Release|Any CPU.Build.0 = Release|Any CPU
		{540D7DFA-F636-47CE-BC3A-59DC9CD93125}.Release|x64.ActiveCfg = Release|Any CPU
		{540D7DFA-F636-47CE-BC3A-59DC9CD93125}.Release|x64.Build.0 = Release|Any CPU
		{540D7DFA-F636-47CE-BC3A-59DC9CD93125}.Release|x86.ActiveCfg = Release|Any CPU
		{540D7DFA-F636-47CE-BC3A-59DC9CD93125}.Release|x86.Build.0 = Release|Any CPU
		{21147445-DB1A-417C-B38D-D43C5E599589}.Debug|Any CPU.ActiveCfg = Debug|Any CPU
		{21147445-DB1A-417C-B38D-D43C5E599589}.Debug|Any CPU.Build.0 = Debug|Any CPU
		{21147445-DB1A-417C-B38D-D43C5E599589}.Debug|x64.ActiveCfg = Debug|Any CPU
		{21147445-DB1A-417C-B38D-D43C5E599589}.Debug|x64.Build.0 = Debug|Any CPU
		{21147445-DB1A-417C-B38D-D43C5E599589}.Debug|x86.ActiveCfg = Debug|Any CPU
		{21147445-DB1A-417C-B38D-D43C5E599589}.Debug|x86.Build.0 = Debug|Any CPU
		{21147445-DB1A-417C-B38D-D43C5E599589}.Release|Any CPU.ActiveCfg = Release|Any CPU
		{21147445-DB1A-417C-B38D-D43C5E599589}.Release|Any CPU.Build.0 = Release|Any CPU
		{21147445-DB1A-417C-B38D-D43C5E599589}.Release|x64.ActiveCfg = Release|Any CPU
		{21147445-DB1A-417C-B38D-D43C5E599589}.Release|x64.Build.0 = Release|Any CPU
		{21147445-DB1A-417C-B38D-D43C5E599589}.Release|x86.ActiveCfg = Release|Any CPU
		{21147445-DB1A-417C-B38D-D43C5E599589}.Release|x86.Build.0 = Release|Any CPU
		{0FBA1A41-B393-4C8F-8F10-B81268F4B1EF}.Debug|Any CPU.ActiveCfg = Debug|Any CPU
		{0FBA1A41-B393-4C8F-8F10-B81268F4B1EF}.Debug|Any CPU.Build.0 = Debug|Any CPU
		{0FBA1A41-B393-4C8F-8F10-B81268F4B1EF}.Debug|x64.ActiveCfg = Debug|Any CPU
		{0FBA1A41-B393-4C8F-8F10-B81268F4B1EF}.Debug|x64.Build.0 = Debug|Any CPU
		{0FBA1A41-B393-4C8F-8F10-B81268F4B1EF}.Debug|x86.ActiveCfg = Debug|Any CPU
		{0FBA1A41-B393-4C8F-8F10-B81268F4B1EF}.Debug|x86.Build.0 = Debug|Any CPU
		{0FBA1A41-B393-4C8F-8F10-B81268F4B1EF}.Release|Any CPU.ActiveCfg = Release|Any CPU
		{0FBA1A41-B393-4C8F-8F10-B81268F4B1EF}.Release|Any CPU.Build.0 = Release|Any CPU
		{0FBA1A41-B393-4C8F-8F10-B81268F4B1EF}.Release|x64.ActiveCfg = Release|Any CPU
		{0FBA1A41-B393-4C8F-8F10-B81268F4B1EF}.Release|x64.Build.0 = Release|Any CPU
		{0FBA1A41-B393-4C8F-8F10-B81268F4B1EF}.Release|x86.ActiveCfg = Release|Any CPU
		{0FBA1A41-B393-4C8F-8F10-B81268F4B1EF}.Release|x86.Build.0 = Release|Any CPU
		{7C649008-6A05-4C3D-AC08-B5A85AB72E09}.Debug|Any CPU.ActiveCfg = Debug|Any CPU
		{7C649008-6A05-4C3D-AC08-B5A85AB72E09}.Debug|Any CPU.Build.0 = Debug|Any CPU
		{7C649008-6A05-4C3D-AC08-B5A85AB72E09}.Debug|x64.ActiveCfg = Debug|Any CPU
		{7C649008-6A05-4C3D-AC08-B5A85AB72E09}.Debug|x64.Build.0 = Debug|Any CPU
		{7C649008-6A05-4C3D-AC08-B5A85AB72E09}.Debug|x86.ActiveCfg = Debug|Any CPU
		{7C649008-6A05-4C3D-AC08-B5A85AB72E09}.Debug|x86.Build.0 = Debug|Any CPU
		{7C649008-6A05-4C3D-AC08-B5A85AB72E09}.Release|Any CPU.ActiveCfg = Release|Any CPU
		{7C649008-6A05-4C3D-AC08-B5A85AB72E09}.Release|Any CPU.Build.0 = Release|Any CPU
		{7C649008-6A05-4C3D-AC08-B5A85AB72E09}.Release|x64.ActiveCfg = Release|Any CPU
		{7C649008-6A05-4C3D-AC08-B5A85AB72E09}.Release|x64.Build.0 = Release|Any CPU
		{7C649008-6A05-4C3D-AC08-B5A85AB72E09}.Release|x86.ActiveCfg = Release|Any CPU
		{7C649008-6A05-4C3D-AC08-B5A85AB72E09}.Release|x86.Build.0 = Release|Any CPU
		{672A67F3-ACED-47E5-AC9E-455F77E68DA1}.Debug|Any CPU.ActiveCfg = Debug|Any CPU
		{672A67F3-ACED-47E5-AC9E-455F77E68DA1}.Debug|Any CPU.Build.0 = Debug|Any CPU
		{672A67F3-ACED-47E5-AC9E-455F77E68DA1}.Debug|x64.ActiveCfg = Debug|Any CPU
		{672A67F3-ACED-47E5-AC9E-455F77E68DA1}.Debug|x64.Build.0 = Debug|Any CPU
		{672A67F3-ACED-47E5-AC9E-455F77E68DA1}.Debug|x86.ActiveCfg = Debug|Any CPU
		{672A67F3-ACED-47E5-AC9E-455F77E68DA1}.Debug|x86.Build.0 = Debug|Any CPU
		{672A67F3-ACED-47E5-AC9E-455F77E68DA1}.Release|Any CPU.ActiveCfg = Release|Any CPU
		{672A67F3-ACED-47E5-AC9E-455F77E68DA1}.Release|Any CPU.Build.0 = Release|Any CPU
		{672A67F3-ACED-47E5-AC9E-455F77E68DA1}.Release|x64.ActiveCfg = Release|Any CPU
		{672A67F3-ACED-47E5-AC9E-455F77E68DA1}.Release|x64.Build.0 = Release|Any CPU
		{672A67F3-ACED-47E5-AC9E-455F77E68DA1}.Release|x86.ActiveCfg = Release|Any CPU
		{672A67F3-ACED-47E5-AC9E-455F77E68DA1}.Release|x86.Build.0 = Release|Any CPU
		{A922FC15-E578-4C4D-895C-C308DFD6B82B}.Debug|Any CPU.ActiveCfg = Debug|Any CPU
		{A922FC15-E578-4C4D-895C-C308DFD6B82B}.Debug|Any CPU.Build.0 = Debug|Any CPU
		{A922FC15-E578-4C4D-895C-C308DFD6B82B}.Debug|x64.ActiveCfg = Debug|Any CPU
		{A922FC15-E578-4C4D-895C-C308DFD6B82B}.Debug|x64.Build.0 = Debug|Any CPU
		{A922FC15-E578-4C4D-895C-C308DFD6B82B}.Debug|x86.ActiveCfg = Debug|Any CPU
		{A922FC15-E578-4C4D-895C-C308DFD6B82B}.Debug|x86.Build.0 = Debug|Any CPU
		{A922FC15-E578-4C4D-895C-C308DFD6B82B}.Release|Any CPU.ActiveCfg = Release|Any CPU
		{A922FC15-E578-4C4D-895C-C308DFD6B82B}.Release|Any CPU.Build.0 = Release|Any CPU
		{A922FC15-E578-4C4D-895C-C308DFD6B82B}.Release|x64.ActiveCfg = Release|Any CPU
		{A922FC15-E578-4C4D-895C-C308DFD6B82B}.Release|x64.Build.0 = Release|Any CPU
		{A922FC15-E578-4C4D-895C-C308DFD6B82B}.Release|x86.ActiveCfg = Release|Any CPU
		{A922FC15-E578-4C4D-895C-C308DFD6B82B}.Release|x86.Build.0 = Release|Any CPU
		{D6CE2117-2213-48DF-89CA-38BE4E7D2608}.Debug|Any CPU.ActiveCfg = Debug|Any CPU
		{D6CE2117-2213-48DF-89CA-38BE4E7D2608}.Debug|Any CPU.Build.0 = Debug|Any CPU
		{D6CE2117-2213-48DF-89CA-38BE4E7D2608}.Debug|x64.ActiveCfg = Debug|Any CPU
		{D6CE2117-2213-48DF-89CA-38BE4E7D2608}.Debug|x64.Build.0 = Debug|Any CPU
		{D6CE2117-2213-48DF-89CA-38BE4E7D2608}.Debug|x86.ActiveCfg = Debug|Any CPU
		{D6CE2117-2213-48DF-89CA-38BE4E7D2608}.Debug|x86.Build.0 = Debug|Any CPU
		{D6CE2117-2213-48DF-89CA-38BE4E7D2608}.Release|Any CPU.ActiveCfg = Release|Any CPU
		{D6CE2117-2213-48DF-89CA-38BE4E7D2608}.Release|Any CPU.Build.0 = Release|Any CPU
		{D6CE2117-2213-48DF-89CA-38BE4E7D2608}.Release|x64.ActiveCfg = Release|Any CPU
		{D6CE2117-2213-48DF-89CA-38BE4E7D2608}.Release|x64.Build.0 = Release|Any CPU
		{D6CE2117-2213-48DF-89CA-38BE4E7D2608}.Release|x86.ActiveCfg = Release|Any CPU
		{D6CE2117-2213-48DF-89CA-38BE4E7D2608}.Release|x86.Build.0 = Release|Any CPU
		{15B4BEA2-3E1F-4ACF-8707-D6DBE8B5314E}.Debug|Any CPU.ActiveCfg = Debug|Any CPU
		{15B4BEA2-3E1F-4ACF-8707-D6DBE8B5314E}.Debug|Any CPU.Build.0 = Debug|Any CPU
		{15B4BEA2-3E1F-4ACF-8707-D6DBE8B5314E}.Debug|x64.ActiveCfg = Debug|Any CPU
		{15B4BEA2-3E1F-4ACF-8707-D6DBE8B5314E}.Debug|x64.Build.0 = Debug|Any CPU
		{15B4BEA2-3E1F-4ACF-8707-D6DBE8B5314E}.Debug|x86.ActiveCfg = Debug|Any CPU
		{15B4BEA2-3E1F-4ACF-8707-D6DBE8B5314E}.Debug|x86.Build.0 = Debug|Any CPU
		{15B4BEA2-3E1F-4ACF-8707-D6DBE8B5314E}.Release|Any CPU.ActiveCfg = Release|Any CPU
		{15B4BEA2-3E1F-4ACF-8707-D6DBE8B5314E}.Release|Any CPU.Build.0 = Release|Any CPU
		{15B4BEA2-3E1F-4ACF-8707-D6DBE8B5314E}.Release|x64.ActiveCfg = Release|Any CPU
		{15B4BEA2-3E1F-4ACF-8707-D6DBE8B5314E}.Release|x64.Build.0 = Release|Any CPU
		{15B4BEA2-3E1F-4ACF-8707-D6DBE8B5314E}.Release|x86.ActiveCfg = Release|Any CPU
		{15B4BEA2-3E1F-4ACF-8707-D6DBE8B5314E}.Release|x86.Build.0 = Release|Any CPU
		{61687A85-4AA2-411E-B1AA-652B93D149C6}.Debug|Any CPU.ActiveCfg = Debug|Any CPU
		{61687A85-4AA2-411E-B1AA-652B93D149C6}.Debug|Any CPU.Build.0 = Debug|Any CPU
		{61687A85-4AA2-411E-B1AA-652B93D149C6}.Debug|x64.ActiveCfg = Debug|Any CPU
		{61687A85-4AA2-411E-B1AA-652B93D149C6}.Debug|x64.Build.0 = Debug|Any CPU
		{61687A85-4AA2-411E-B1AA-652B93D149C6}.Debug|x86.ActiveCfg = Debug|Any CPU
		{61687A85-4AA2-411E-B1AA-652B93D149C6}.Debug|x86.Build.0 = Debug|Any CPU
		{61687A85-4AA2-411E-B1AA-652B93D149C6}.Release|Any CPU.ActiveCfg = Release|Any CPU
		{61687A85-4AA2-411E-B1AA-652B93D149C6}.Release|Any CPU.Build.0 = Release|Any CPU
		{61687A85-4AA2-411E-B1AA-652B93D149C6}.Release|x64.ActiveCfg = Release|Any CPU
		{61687A85-4AA2-411E-B1AA-652B93D149C6}.Release|x64.Build.0 = Release|Any CPU
		{61687A85-4AA2-411E-B1AA-652B93D149C6}.Release|x86.ActiveCfg = Release|Any CPU
		{61687A85-4AA2-411E-B1AA-652B93D149C6}.Release|x86.Build.0 = Release|Any CPU
		{15EA01C2-2967-4002-BE9A-71E537CBD7F0}.Debug|Any CPU.ActiveCfg = Debug|Any CPU
		{15EA01C2-2967-4002-BE9A-71E537CBD7F0}.Debug|Any CPU.Build.0 = Debug|Any CPU
		{15EA01C2-2967-4002-BE9A-71E537CBD7F0}.Debug|x64.ActiveCfg = Debug|Any CPU
		{15EA01C2-2967-4002-BE9A-71E537CBD7F0}.Debug|x64.Build.0 = Debug|Any CPU
		{15EA01C2-2967-4002-BE9A-71E537CBD7F0}.Debug|x86.ActiveCfg = Debug|Any CPU
		{15EA01C2-2967-4002-BE9A-71E537CBD7F0}.Debug|x86.Build.0 = Debug|Any CPU
		{15EA01C2-2967-4002-BE9A-71E537CBD7F0}.Release|Any CPU.ActiveCfg = Release|Any CPU
		{15EA01C2-2967-4002-BE9A-71E537CBD7F0}.Release|Any CPU.Build.0 = Release|Any CPU
		{15EA01C2-2967-4002-BE9A-71E537CBD7F0}.Release|x64.ActiveCfg = Release|Any CPU
		{15EA01C2-2967-4002-BE9A-71E537CBD7F0}.Release|x64.Build.0 = Release|Any CPU
		{15EA01C2-2967-4002-BE9A-71E537CBD7F0}.Release|x86.ActiveCfg = Release|Any CPU
		{15EA01C2-2967-4002-BE9A-71E537CBD7F0}.Release|x86.Build.0 = Release|Any CPU
		{96C94DC6-74A1-4E3B-AB22-522B89A4C205}.Debug|Any CPU.ActiveCfg = Debug|Any CPU
		{96C94DC6-74A1-4E3B-AB22-522B89A4C205}.Debug|Any CPU.Build.0 = Debug|Any CPU
		{96C94DC6-74A1-4E3B-AB22-522B89A4C205}.Debug|x64.ActiveCfg = Debug|Any CPU
		{96C94DC6-74A1-4E3B-AB22-522B89A4C205}.Debug|x64.Build.0 = Debug|Any CPU
		{96C94DC6-74A1-4E3B-AB22-522B89A4C205}.Debug|x86.ActiveCfg = Debug|Any CPU
		{96C94DC6-74A1-4E3B-AB22-522B89A4C205}.Debug|x86.Build.0 = Debug|Any CPU
		{96C94DC6-74A1-4E3B-AB22-522B89A4C205}.Release|Any CPU.ActiveCfg = Release|Any CPU
		{96C94DC6-74A1-4E3B-AB22-522B89A4C205}.Release|Any CPU.Build.0 = Release|Any CPU
		{96C94DC6-74A1-4E3B-AB22-522B89A4C205}.Release|x64.ActiveCfg = Release|Any CPU
		{96C94DC6-74A1-4E3B-AB22-522B89A4C205}.Release|x64.Build.0 = Release|Any CPU
		{96C94DC6-74A1-4E3B-AB22-522B89A4C205}.Release|x86.ActiveCfg = Release|Any CPU
		{96C94DC6-74A1-4E3B-AB22-522B89A4C205}.Release|x86.Build.0 = Release|Any CPU
		{A2F05B74-2903-4912-B52A-16F9C4B76FF3}.Debug|Any CPU.ActiveCfg = Debug|Any CPU
		{A2F05B74-2903-4912-B52A-16F9C4B76FF3}.Debug|Any CPU.Build.0 = Debug|Any CPU
		{A2F05B74-2903-4912-B52A-16F9C4B76FF3}.Debug|x64.ActiveCfg = Debug|Any CPU
		{A2F05B74-2903-4912-B52A-16F9C4B76FF3}.Debug|x64.Build.0 = Debug|Any CPU
		{A2F05B74-2903-4912-B52A-16F9C4B76FF3}.Debug|x86.ActiveCfg = Debug|Any CPU
		{A2F05B74-2903-4912-B52A-16F9C4B76FF3}.Debug|x86.Build.0 = Debug|Any CPU
		{A2F05B74-2903-4912-B52A-16F9C4B76FF3}.Release|Any CPU.ActiveCfg = Release|Any CPU
		{A2F05B74-2903-4912-B52A-16F9C4B76FF3}.Release|Any CPU.Build.0 = Release|Any CPU
		{A2F05B74-2903-4912-B52A-16F9C4B76FF3}.Release|x64.ActiveCfg = Release|Any CPU
		{A2F05B74-2903-4912-B52A-16F9C4B76FF3}.Release|x64.Build.0 = Release|Any CPU
		{A2F05B74-2903-4912-B52A-16F9C4B76FF3}.Release|x86.ActiveCfg = Release|Any CPU
		{A2F05B74-2903-4912-B52A-16F9C4B76FF3}.Release|x86.Build.0 = Release|Any CPU
		{5DB0C22D-E2FB-4D85-B6B0-56A95E31E41D}.Debug|Any CPU.ActiveCfg = Debug|Any CPU
		{5DB0C22D-E2FB-4D85-B6B0-56A95E31E41D}.Debug|Any CPU.Build.0 = Debug|Any CPU
		{5DB0C22D-E2FB-4D85-B6B0-56A95E31E41D}.Debug|x64.ActiveCfg = Debug|Any CPU
		{5DB0C22D-E2FB-4D85-B6B0-56A95E31E41D}.Debug|x64.Build.0 = Debug|Any CPU
		{5DB0C22D-E2FB-4D85-B6B0-56A95E31E41D}.Debug|x86.ActiveCfg = Debug|Any CPU
		{5DB0C22D-E2FB-4D85-B6B0-56A95E31E41D}.Debug|x86.Build.0 = Debug|Any CPU
		{5DB0C22D-E2FB-4D85-B6B0-56A95E31E41D}.Release|Any CPU.ActiveCfg = Release|Any CPU
		{5DB0C22D-E2FB-4D85-B6B0-56A95E31E41D}.Release|Any CPU.Build.0 = Release|Any CPU
		{5DB0C22D-E2FB-4D85-B6B0-56A95E31E41D}.Release|x64.ActiveCfg = Release|Any CPU
		{5DB0C22D-E2FB-4D85-B6B0-56A95E31E41D}.Release|x64.Build.0 = Release|Any CPU
		{5DB0C22D-E2FB-4D85-B6B0-56A95E31E41D}.Release|x86.ActiveCfg = Release|Any CPU
		{5DB0C22D-E2FB-4D85-B6B0-56A95E31E41D}.Release|x86.Build.0 = Release|Any CPU
		{A636CD79-602A-4A38-AB5E-68E3DCF74409}.Debug|Any CPU.ActiveCfg = Debug|Any CPU
		{A636CD79-602A-4A38-AB5E-68E3DCF74409}.Debug|Any CPU.Build.0 = Debug|Any CPU
		{A636CD79-602A-4A38-AB5E-68E3DCF74409}.Debug|x64.ActiveCfg = Debug|Any CPU
		{A636CD79-602A-4A38-AB5E-68E3DCF74409}.Debug|x64.Build.0 = Debug|Any CPU
		{A636CD79-602A-4A38-AB5E-68E3DCF74409}.Debug|x86.ActiveCfg = Debug|Any CPU
		{A636CD79-602A-4A38-AB5E-68E3DCF74409}.Debug|x86.Build.0 = Debug|Any CPU
		{A636CD79-602A-4A38-AB5E-68E3DCF74409}.Release|Any CPU.ActiveCfg = Release|Any CPU
		{A636CD79-602A-4A38-AB5E-68E3DCF74409}.Release|Any CPU.Build.0 = Release|Any CPU
		{A636CD79-602A-4A38-AB5E-68E3DCF74409}.Release|x64.ActiveCfg = Release|Any CPU
		{A636CD79-602A-4A38-AB5E-68E3DCF74409}.Release|x64.Build.0 = Release|Any CPU
		{A636CD79-602A-4A38-AB5E-68E3DCF74409}.Release|x86.ActiveCfg = Release|Any CPU
		{A636CD79-602A-4A38-AB5E-68E3DCF74409}.Release|x86.Build.0 = Release|Any CPU
		{00D0E325-4E7C-4740-819D-73B075834E8E}.Debug|Any CPU.ActiveCfg = Debug|Any CPU
		{00D0E325-4E7C-4740-819D-73B075834E8E}.Debug|Any CPU.Build.0 = Debug|Any CPU
		{00D0E325-4E7C-4740-819D-73B075834E8E}.Debug|x64.ActiveCfg = Debug|Any CPU
		{00D0E325-4E7C-4740-819D-73B075834E8E}.Debug|x64.Build.0 = Debug|Any CPU
		{00D0E325-4E7C-4740-819D-73B075834E8E}.Debug|x86.ActiveCfg = Debug|Any CPU
		{00D0E325-4E7C-4740-819D-73B075834E8E}.Debug|x86.Build.0 = Debug|Any CPU
		{00D0E325-4E7C-4740-819D-73B075834E8E}.Release|Any CPU.ActiveCfg = Release|Any CPU
		{00D0E325-4E7C-4740-819D-73B075834E8E}.Release|Any CPU.Build.0 = Release|Any CPU
		{00D0E325-4E7C-4740-819D-73B075834E8E}.Release|x64.ActiveCfg = Release|Any CPU
		{00D0E325-4E7C-4740-819D-73B075834E8E}.Release|x64.Build.0 = Release|Any CPU
		{00D0E325-4E7C-4740-819D-73B075834E8E}.Release|x86.ActiveCfg = Release|Any CPU
		{00D0E325-4E7C-4740-819D-73B075834E8E}.Release|x86.Build.0 = Release|Any CPU
		{2E95F8F6-C638-46D2-AAE2-F6ADD93F45B2}.Debug|Any CPU.ActiveCfg = Debug|Any CPU
		{2E95F8F6-C638-46D2-AAE2-F6ADD93F45B2}.Debug|Any CPU.Build.0 = Debug|Any CPU
		{2E95F8F6-C638-46D2-AAE2-F6ADD93F45B2}.Debug|x64.ActiveCfg = Debug|Any CPU
		{2E95F8F6-C638-46D2-AAE2-F6ADD93F45B2}.Debug|x64.Build.0 = Debug|Any CPU
		{2E95F8F6-C638-46D2-AAE2-F6ADD93F45B2}.Debug|x86.ActiveCfg = Debug|Any CPU
		{2E95F8F6-C638-46D2-AAE2-F6ADD93F45B2}.Debug|x86.Build.0 = Debug|Any CPU
		{2E95F8F6-C638-46D2-AAE2-F6ADD93F45B2}.Release|Any CPU.ActiveCfg = Release|Any CPU
		{2E95F8F6-C638-46D2-AAE2-F6ADD93F45B2}.Release|Any CPU.Build.0 = Release|Any CPU
		{2E95F8F6-C638-46D2-AAE2-F6ADD93F45B2}.Release|x64.ActiveCfg = Release|Any CPU
		{2E95F8F6-C638-46D2-AAE2-F6ADD93F45B2}.Release|x64.Build.0 = Release|Any CPU
		{2E95F8F6-C638-46D2-AAE2-F6ADD93F45B2}.Release|x86.ActiveCfg = Release|Any CPU
		{2E95F8F6-C638-46D2-AAE2-F6ADD93F45B2}.Release|x86.Build.0 = Release|Any CPU
		{983EC3E0-4718-42F4-AAA6-E3F041BE6E92}.Debug|Any CPU.ActiveCfg = Debug|Any CPU
		{983EC3E0-4718-42F4-AAA6-E3F041BE6E92}.Debug|Any CPU.Build.0 = Debug|Any CPU
		{983EC3E0-4718-42F4-AAA6-E3F041BE6E92}.Debug|x64.ActiveCfg = Debug|Any CPU
		{983EC3E0-4718-42F4-AAA6-E3F041BE6E92}.Debug|x64.Build.0 = Debug|Any CPU
		{983EC3E0-4718-42F4-AAA6-E3F041BE6E92}.Debug|x86.ActiveCfg = Debug|Any CPU
		{983EC3E0-4718-42F4-AAA6-E3F041BE6E92}.Debug|x86.Build.0 = Debug|Any CPU
		{983EC3E0-4718-42F4-AAA6-E3F041BE6E92}.Release|Any CPU.ActiveCfg = Release|Any CPU
		{983EC3E0-4718-42F4-AAA6-E3F041BE6E92}.Release|Any CPU.Build.0 = Release|Any CPU
		{983EC3E0-4718-42F4-AAA6-E3F041BE6E92}.Release|x64.ActiveCfg = Release|Any CPU
		{983EC3E0-4718-42F4-AAA6-E3F041BE6E92}.Release|x64.Build.0 = Release|Any CPU
		{983EC3E0-4718-42F4-AAA6-E3F041BE6E92}.Release|x86.ActiveCfg = Release|Any CPU
		{983EC3E0-4718-42F4-AAA6-E3F041BE6E92}.Release|x86.Build.0 = Release|Any CPU
		{F2E2F38A-E5ED-4A7A-B962-2BF5FBF81721}.Debug|Any CPU.ActiveCfg = Debug|Any CPU
		{F2E2F38A-E5ED-4A7A-B962-2BF5FBF81721}.Debug|Any CPU.Build.0 = Debug|Any CPU
		{F2E2F38A-E5ED-4A7A-B962-2BF5FBF81721}.Debug|x64.ActiveCfg = Debug|Any CPU
		{F2E2F38A-E5ED-4A7A-B962-2BF5FBF81721}.Debug|x64.Build.0 = Debug|Any CPU
		{F2E2F38A-E5ED-4A7A-B962-2BF5FBF81721}.Debug|x86.ActiveCfg = Debug|Any CPU
		{F2E2F38A-E5ED-4A7A-B962-2BF5FBF81721}.Debug|x86.Build.0 = Debug|Any CPU
		{F2E2F38A-E5ED-4A7A-B962-2BF5FBF81721}.Release|Any CPU.ActiveCfg = Release|Any CPU
		{F2E2F38A-E5ED-4A7A-B962-2BF5FBF81721}.Release|Any CPU.Build.0 = Release|Any CPU
		{F2E2F38A-E5ED-4A7A-B962-2BF5FBF81721}.Release|x64.ActiveCfg = Release|Any CPU
		{F2E2F38A-E5ED-4A7A-B962-2BF5FBF81721}.Release|x64.Build.0 = Release|Any CPU
		{F2E2F38A-E5ED-4A7A-B962-2BF5FBF81721}.Release|x86.ActiveCfg = Release|Any CPU
		{F2E2F38A-E5ED-4A7A-B962-2BF5FBF81721}.Release|x86.Build.0 = Release|Any CPU
		{86FAC337-C6EB-431E-9E72-5D18851EAA26}.Debug|Any CPU.ActiveCfg = Debug|Any CPU
		{86FAC337-C6EB-431E-9E72-5D18851EAA26}.Debug|Any CPU.Build.0 = Debug|Any CPU
		{86FAC337-C6EB-431E-9E72-5D18851EAA26}.Debug|x64.ActiveCfg = Debug|Any CPU
		{86FAC337-C6EB-431E-9E72-5D18851EAA26}.Debug|x64.Build.0 = Debug|Any CPU
		{86FAC337-C6EB-431E-9E72-5D18851EAA26}.Debug|x86.ActiveCfg = Debug|Any CPU
		{86FAC337-C6EB-431E-9E72-5D18851EAA26}.Debug|x86.Build.0 = Debug|Any CPU
		{86FAC337-C6EB-431E-9E72-5D18851EAA26}.Release|Any CPU.ActiveCfg = Release|Any CPU
		{86FAC337-C6EB-431E-9E72-5D18851EAA26}.Release|Any CPU.Build.0 = Release|Any CPU
		{86FAC337-C6EB-431E-9E72-5D18851EAA26}.Release|x64.ActiveCfg = Release|Any CPU
		{86FAC337-C6EB-431E-9E72-5D18851EAA26}.Release|x64.Build.0 = Release|Any CPU
		{86FAC337-C6EB-431E-9E72-5D18851EAA26}.Release|x86.ActiveCfg = Release|Any CPU
		{86FAC337-C6EB-431E-9E72-5D18851EAA26}.Release|x86.Build.0 = Release|Any CPU
		{3811FE57-70EC-49E0-9A4B-5661DEDA9E68}.Debug|Any CPU.ActiveCfg = Debug|Any CPU
		{3811FE57-70EC-49E0-9A4B-5661DEDA9E68}.Debug|Any CPU.Build.0 = Debug|Any CPU
		{3811FE57-70EC-49E0-9A4B-5661DEDA9E68}.Debug|x64.ActiveCfg = Debug|Any CPU
		{3811FE57-70EC-49E0-9A4B-5661DEDA9E68}.Debug|x64.Build.0 = Debug|Any CPU
		{3811FE57-70EC-49E0-9A4B-5661DEDA9E68}.Debug|x86.ActiveCfg = Debug|Any CPU
		{3811FE57-70EC-49E0-9A4B-5661DEDA9E68}.Debug|x86.Build.0 = Debug|Any CPU
		{3811FE57-70EC-49E0-9A4B-5661DEDA9E68}.Release|Any CPU.ActiveCfg = Release|Any CPU
		{3811FE57-70EC-49E0-9A4B-5661DEDA9E68}.Release|Any CPU.Build.0 = Release|Any CPU
		{3811FE57-70EC-49E0-9A4B-5661DEDA9E68}.Release|x64.ActiveCfg = Release|Any CPU
		{3811FE57-70EC-49E0-9A4B-5661DEDA9E68}.Release|x64.Build.0 = Release|Any CPU
		{3811FE57-70EC-49E0-9A4B-5661DEDA9E68}.Release|x86.ActiveCfg = Release|Any CPU
		{3811FE57-70EC-49E0-9A4B-5661DEDA9E68}.Release|x86.Build.0 = Release|Any CPU
	EndGlobalSection
	GlobalSection(SolutionProperties) = preSolution
		HideSolutionNode = FALSE
	EndGlobalSection
	GlobalSection(ExtensibilityGlobals) = postSolution
		SolutionGuid = {67985880-EFE9-47A1-8BFC-49EC31C75F01}
	EndGlobalSection
EndGlobal
